
Microsoft Visual Studio Solution File, Format Version 12.00
# Visual Studio 15
VisualStudioVersion = 15.0.28307.106
MinimumVisualStudioVersion = 10.0.40219.1
Project("{FAE04EC0-301F-11D3-BF4B-00C04F79EFBC}") = "JSONDeserializerOfT", "JSONDeserializerOfT\JSONDeserializerOfT.csproj", "{C466DAC0-8402-4FDD-9C01-E6183A4D3DE0}"
EndProject
Project("{2150E333-8FDC-42A3-9474-1A3956D46DE8}") = "Solution Items", "Solution Items", "{94E664F5-F46C-4DD1-9250-C9C0F7674812}"
	ProjectSection(SolutionItems) = preProject
		Response.cs = Response.cs
	EndProjectSection
EndProject
Global
	GlobalSection(SolutionConfigurationPlatforms) = preSolution
		Debug|Any CPU = Debug|Any CPU
		Release|Any CPU = Release|Any CPU
	EndGlobalSection
	GlobalSection(ProjectConfigurationPlatforms) = postSolution
		{C466DAC0-8402-4FDD-9C01-E6183A4D3DE0}.Debug|Any CPU.ActiveCfg = Debug|Any CPU
		{C466DAC0-8402-4FDD-9C01-E6183A4D3DE0}.Debug|Any CPU.Build.0 = Debug|Any CPU
		{C466DAC0-8402-4FDD-9C01-E6183A4D3DE0}.Release|Any CPU.ActiveCfg = Release|Any CPU
		{C466DAC0-8402-4FDD-9C01-E6183A4D3DE0}.Release|Any CPU.Build.0 = Release|Any CPU
	EndGlobalSection
	GlobalSection(SolutionProperties) = preSolution
		HideSolutionNode = FALSE
	EndGlobalSection
	GlobalSection(ExtensibilityGlobals) = postSolution
		SolutionGuid = {AC877955-1395-46EA-B59E-82CDD0B34842}
	EndGlobalSection
EndGlobal
